
Microsoft Visual Studio Solution File, Format Version 12.00
# Visual Studio Version 17
VisualStudioVersion = 17.8.34316.72
MinimumVisualStudioVersion = 10.0.40219.1
Project("{FAE04EC0-301F-11D3-BF4B-00C04F79EFBC}") = "WordPrinter", "WordPrinter\WordPrinter.csproj", "{0CBA3294-E89F-4434-B6B7-931856BCCAAE}"
EndProject
Project("{54435603-DBB4-11D2-8724-00A0C9A8B90C}") = "Setup1", "WordPrinterSetupv2.0\Setup1\Setup1.vdproj", "{1D2D8348-7D8F-432B-AE3D-82D6FD5A5031}"
EndProject
Global
	GlobalSection(SolutionConfigurationPlatforms) = preSolution
		Debug|Any CPU = Debug|Any CPU
		Release|Any CPU = Release|Any CPU
	EndGlobalSection
	GlobalSection(ProjectConfigurationPlatforms) = postSolution
		{0CBA3294-E89F-4434-B6B7-931856BCCAAE}.Debug|Any CPU.ActiveCfg = Debug|Any CPU
		{0CBA3294-E89F-4434-B6B7-931856BCCAAE}.Debug|Any CPU.Build.0 = Debug|Any CPU
		{0CBA3294-E89F-4434-B6B7-931856BCCAAE}.Release|Any CPU.ActiveCfg = Release|Any CPU
		{0CBA3294-E89F-4434-B6B7-931856BCCAAE}.Release|Any CPU.Build.0 = Release|Any CPU
		{1D2D8348-7D8F-432B-AE3D-82D6FD5A5031}.Debug|Any CPU.ActiveCfg = Debug
		{1D2D8348-7D8F-432B-AE3D-82D6FD5A5031}.Release|Any CPU.ActiveCfg = Release
	EndGlobalSection
	GlobalSection(SolutionProperties) = preSolution
		HideSolutionNode = FALSE
	EndGlobalSection
	GlobalSection(ExtensibilityGlobals) = postSolution
		SolutionGuid = {7F9C005E-E0E2-49CE-81F6-CDB656FC3ABA}
	EndGlobalSection
EndGlobal
